// !$*UTF8*$!
{
	archiveVersion = 1;
	classes = {
	};
	objectVersion = 46;
	objects = {

/* Begin PBXBuildFile section */
		A70EE9C01823622B00F317A9 /* WANewLocationTVC.m in Sources */ = {isa = PBXBuildFile; fileRef = A70EE9BF1823622B00F317A9 /* WANewLocationTVC.m */; };
		A70EE9D11826C1CD00F317A9 /* WASettingsTVC.m in Sources */ = {isa = PBXBuildFile; fileRef = A70EE9D01826C1CD00F317A9 /* WASettingsTVC.m */; };
		A70EE9D81827142E00F317A9 /* icons in Resources */ = {isa = PBXBuildFile; fileRef = A70EE9D71827142E00F317A9 /* icons */; };
		A7164981189078E800205E07 /* WAConditionDetailTVC.m in Sources */ = {isa = PBXBuildFile; fileRef = A7164980189078E800205E07 /* WAConditionDetailTVC.m */; };
		A71C08DD181ED1B6003488ED /* Foundation.framework in Frameworks */ = {isa = PBXBuildFile; fileRef = A71C08DC181ED1B6003488ED /* Foundation.framework */; };
		A71C08DF181ED1B6003488ED /* CoreGraphics.framework in Frameworks */ = {isa = PBXBuildFile; fileRef = A71C08DE181ED1B6003488ED /* CoreGraphics.framework */; };
		A71C08E1181ED1B6003488ED /* UIKit.framework in Frameworks */ = {isa = PBXBuildFile; fileRef = A71C08E0181ED1B6003488ED /* UIKit.framework */; };
		A71C08E9181ED1B6003488ED /* main.m in Sources */ = {isa = PBXBuildFile; fileRef = A71C08E8181ED1B6003488ED /* main.m */; };
		A71C08ED181ED1B6003488ED /* WAAppDelegate.m in Sources */ = {isa = PBXBuildFile; fileRef = A71C08EC181ED1B6003488ED /* WAAppDelegate.m */; };
		A71C08EF181ED1B7003488ED /* Images.xcassets in Resources */ = {isa = PBXBuildFile; fileRef = A71C08EE181ED1B7003488ED /* Images.xcassets */; };
		A73976B618E642570092538B /* WAMenu.m in Sources */ = {isa = PBXBuildFile; fileRef = A73976B318E642570092538B /* WAMenu.m */; };
		A73976B718E642570092538B /* WAMenuItem.m in Sources */ = {isa = PBXBuildFile; fileRef = A73976B518E642570092538B /* WAMenuItem.m */; };
		A73976BA18E64A6B0092538B /* UINavigationController+Fade.m in Sources */ = {isa = PBXBuildFile; fileRef = A73976B918E64A6B0092538B /* UINavigationController+Fade.m */; };
		A73976BC18E8CCA40092538B /* flags in Resources */ = {isa = PBXBuildFile; fileRef = A73976BB18E8CCA40092538B /* flags */; };
		A73976BE18EB99790092538B /* Licenses.plist in Resources */ = {isa = PBXBuildFile; fileRef = A73976BD18EB99780092538B /* Licenses.plist */; };
		A73976C118EB9DA10092538B /* WALicenseVC.m in Sources */ = {isa = PBXBuildFile; fileRef = A73976C018EB9DA10092538B /* WALicenseVC.m */; };
		A739BFA71866A5220003D323 /* navbar.png in Resources */ = {isa = PBXBuildFile; fileRef = A739BFA61866A5220003D323 /* navbar.png */; };
		A747819C1864EF00003DCA60 /* backgrounds in Resources */ = {isa = PBXBuildFile; fileRef = A747819B1864EF00003DCA60 /* backgrounds */; };
		A747819E18661209003DCA60 /* backgrounds.plist in Resources */ = {isa = PBXBuildFile; fileRef = A747819D18661209003DCA60 /* backgrounds.plist */; };
		A75636D518DE0E9200273EAE /* WADailyForecastTVC.m in Sources */ = {isa = PBXBuildFile; fileRef = A75636D418DE0E9200273EAE /* WADailyForecastTVC.m */; };
		A75636D818DE0EDD00273EAE /* WAHourlyForecastTVC.m in Sources */ = {isa = PBXBuildFile; fileRef = A75636D718DE0EDD00273EAE /* WAHourlyForecastTVC.m */; };
		A75636DD18DE165300273EAE /* UITableView+Reload.m in Sources */ = {isa = PBXBuildFile; fileRef = A75636DC18DE165300273EAE /* UITableView+Reload.m */; };
		A76A07BC18A0767900C813B5 /* wunderground.png in Resources */ = {isa = PBXBuildFile; fileRef = A76A07BB18A0767900C813B5 /* wunderground.png */; };
		A76A07BE18A0789400C813B5 /* wunderground@2x.png in Resources */ = {isa = PBXBuildFile; fileRef = A76A07BD18A0789400C813B5 /* wunderground@2x.png */; };
		A786135B1863DA1C0052FCC5 /* WAPageViewController.m in Sources */ = {isa = PBXBuildFile; fileRef = A786135A1863DA1C0052FCC5 /* WAPageViewController.m */; };
		A7BEE9AB18E5EDA4002730F5 /* UIImage+WhiteImage.m in Sources */ = {isa = PBXBuildFile; fileRef = A7BEE9AA18E5EDA4002730F5 /* UIImage+WhiteImage.m */; };
		A7CDF03E1891C6E50073E76F /* UIImage+Preload.m in Sources */ = {isa = PBXBuildFile; fileRef = A7CDF03D1891C6E50073E76F /* UIImage+Preload.m */; };
		A7D84FED18DE472F005F30E2 /* BVReorderTableView.m in Sources */ = {isa = PBXBuildFile; fileRef = A7D84FEC18DE472F005F30E2 /* BVReorderTableView.m */; };
		A7E9779518288423004189B0 /* WANavigationController.m in Sources */ = {isa = PBXBuildFile; fileRef = A7E9779418288423004189B0 /* WANavigationController.m */; };
		A7E9779818288432004189B0 /* WALocationListTVC.m in Sources */ = {isa = PBXBuildFile; fileRef = A7E9779718288432004189B0 /* WALocationListTVC.m */; };
		A7F7754A18E28B3A00670AD3 /* WALocationCell.m in Sources */ = {isa = PBXBuildFile; fileRef = A7F7754918E28B3A00670AD3 /* WALocationCell.m */; };
		BC1367FB182162920090CAC5 /* UserDefaults.txt in Resources */ = {isa = PBXBuildFile; fileRef = BC1367FA182162920090CAC5 /* UserDefaults.txt */; };
		BC7CA061184E63BA00AAF520 /* WASettingsConstants.m in Sources */ = {isa = PBXBuildFile; fileRef = BC7CA060184E63BA00AAF520 /* WASettingsConstants.m */; };
		BCA93CD1181EEB2B00516E7E /* WAWeatherVC.m in Sources */ = {isa = PBXBuildFile; fileRef = BCA93CCF181EEB2B00516E7E /* WAWeatherVC.m */; };
		BCA93CD2181EEB2B00516E7E /* WAWeatherVC.xib in Resources */ = {isa = PBXBuildFile; fileRef = BCA93CD0181EEB2B00516E7E /* WAWeatherVC.xib */; };
		BCA93CD5181EEC6D00516E7E /* CoreLocation.framework in Frameworks */ = {isa = PBXBuildFile; fileRef = BCA93CD4181EEC6D00516E7E /* CoreLocation.framework */; };
		BCA93CDC181F048400516E7E /* WALocationManager.m in Sources */ = {isa = PBXBuildFile; fileRef = BCA93CDB181F048400516E7E /* WALocationManager.m */; };
		BCA93CE0181F0A9100516E7E /* WALocation.m in Sources */ = {isa = PBXBuildFile; fileRef = BCA93CDF181F0A9100516E7E /* WALocation.m */; };
/* End PBXBuildFile section */

/* Begin PBXFileReference section */
		A70EE9BE1823622B00F317A9 /* WANewLocationTVC.h */ = {isa = PBXFileReference; fileEncoding = 4; lastKnownFileType = sourcecode.c.h; lineEnding = 0; path = WANewLocationTVC.h; sourceTree = "<group>"; xcLanguageSpecificationIdentifier = xcode.lang.objcpp; };
		A70EE9BF1823622B00F317A9 /* WANewLocationTVC.m */ = {isa = PBXFileReference; fileEncoding = 4; lastKnownFileType = sourcecode.c.objc; lineEnding = 0; path = WANewLocationTVC.m; sourceTree = "<group>"; xcLanguageSpecificationIdentifier = xcode.lang.objc; };
		A70EE9CF1826C1CD00F317A9 /* WASettingsTVC.h */ = {isa = PBXFileReference; fileEncoding = 4; lastKnownFileType = sourcecode.c.h; lineEnding = 0; path = WASettingsTVC.h; sourceTree = "<group>"; xcLanguageSpecificationIdentifier = xcode.lang.objcpp; };
		A70EE9D01826C1CD00F317A9 /* WASettingsTVC.m */ = {isa = PBXFileReference; fileEncoding = 4; lastKnownFileType = sourcecode.c.objc; lineEnding = 0; path = WASettingsTVC.m; sourceTree = "<group>"; xcLanguageSpecificationIdentifier = xcode.lang.objc; };
		A70EE9D71827142E00F317A9 /* icons */ = {isa = PBXFileReference; lastKnownFileType = folder; path = icons; sourceTree = "<group>"; };
		A716497F189078E800205E07 /* WAConditionDetailTVC.h */ = {isa = PBXFileReference; fileEncoding = 4; lastKnownFileType = sourcecode.c.h; lineEnding = 0; path = WAConditionDetailTVC.h; sourceTree = "<group>"; xcLanguageSpecificationIdentifier = xcode.lang.objcpp; };
		A7164980189078E800205E07 /* WAConditionDetailTVC.m */ = {isa = PBXFileReference; fileEncoding = 4; lastKnownFileType = sourcecode.c.objc; lineEnding = 0; path = WAConditionDetailTVC.m; sourceTree = "<group>"; xcLanguageSpecificationIdentifier = xcode.lang.objc; };
		A71C08D9181ED1B6003488ED /* Weather.app */ = {isa = PBXFileReference; explicitFileType = wrapper.application; includeInIndex = 0; path = Weather.app; sourceTree = BUILT_PRODUCTS_DIR; };
		A71C08DC181ED1B6003488ED /* Foundation.framework */ = {isa = PBXFileReference; lastKnownFileType = wrapper.framework; name = Foundation.framework; path = System/Library/Frameworks/Foundation.framework; sourceTree = SDKROOT; };
		A71C08DE181ED1B6003488ED /* CoreGraphics.framework */ = {isa = PBXFileReference; lastKnownFileType = wrapper.framework; name = CoreGraphics.framework; path = System/Library/Frameworks/CoreGraphics.framework; sourceTree = SDKROOT; };
		A71C08E0181ED1B6003488ED /* UIKit.framework */ = {isa = PBXFileReference; lastKnownFileType = wrapper.framework; name = UIKit.framework; path = System/Library/Frameworks/UIKit.framework; sourceTree = SDKROOT; };
		A71C08E4181ED1B6003488ED /* Weather-Info.plist */ = {isa = PBXFileReference; lastKnownFileType = text.plist.xml; path = "Weather-Info.plist"; sourceTree = "<group>"; };
		A71C08E8181ED1B6003488ED /* main.m */ = {isa = PBXFileReference; lastKnownFileType = sourcecode.c.objc; lineEnding = 0; path = main.m; sourceTree = "<group>"; xcLanguageSpecificationIdentifier = xcode.lang.objc; };
		A71C08EA181ED1B6003488ED /* Weather-Prefix.pch */ = {isa = PBXFileReference; lastKnownFileType = sourcecode.c.h; lineEnding = 0; path = "Weather-Prefix.pch"; sourceTree = "<group>"; xcLanguageSpecificationIdentifier = xcode.lang.objc; };
		A71C08EB181ED1B6003488ED /* WAAppDelegate.h */ = {isa = PBXFileReference; lastKnownFileType = sourcecode.c.h; lineEnding = 0; path = WAAppDelegate.h; sourceTree = "<group>"; xcLanguageSpecificationIdentifier = xcode.lang.objcpp; };
		A71C08EC181ED1B6003488ED /* WAAppDelegate.m */ = {isa = PBXFileReference; lastKnownFileType = sourcecode.c.objc; lineEnding = 0; path = WAAppDelegate.m; sourceTree = "<group>"; xcLanguageSpecificationIdentifier = xcode.lang.objc; };
		A71C08EE181ED1B7003488ED /* Images.xcassets */ = {isa = PBXFileReference; lastKnownFileType = folder.assetcatalog; path = Images.xcassets; sourceTree = "<group>"; };
		A73976B218E642570092538B /* WAMenu.h */ = {isa = PBXFileReference; fileEncoding = 4; lastKnownFileType = sourcecode.c.h; name = WAMenu.h; path = WAMenu/WAMenu.h; sourceTree = "<group>"; };
		A73976B318E642570092538B /* WAMenu.m */ = {isa = PBXFileReference; fileEncoding = 4; lastKnownFileType = sourcecode.c.objc; name = WAMenu.m; path = WAMenu/WAMenu.m; sourceTree = "<group>"; };
		A73976B418E642570092538B /* WAMenuItem.h */ = {isa = PBXFileReference; fileEncoding = 4; lastKnownFileType = sourcecode.c.h; name = WAMenuItem.h; path = WAMenu/WAMenuItem.h; sourceTree = "<group>"; };
		A73976B518E642570092538B /* WAMenuItem.m */ = {isa = PBXFileReference; fileEncoding = 4; lastKnownFileType = sourcecode.c.objc; name = WAMenuItem.m; path = WAMenu/WAMenuItem.m; sourceTree = "<group>"; };
		A73976B818E64A6B0092538B /* UINavigationController+Fade.h */ = {isa = PBXFileReference; fileEncoding = 4; lastKnownFileType = sourcecode.c.h; path = "UINavigationController+Fade.h"; sourceTree = "<group>"; };
		A73976B918E64A6B0092538B /* UINavigationController+Fade.m */ = {isa = PBXFileReference; fileEncoding = 4; lastKnownFileType = sourcecode.c.objc; path = "UINavigationController+Fade.m"; sourceTree = "<group>"; };
		A73976BB18E8CCA40092538B /* flags */ = {isa = PBXFileReference; lastKnownFileType = folder; path = flags; sourceTree = "<group>"; };
		A73976BD18EB99780092538B /* Licenses.plist */ = {isa = PBXFileReference; fileEncoding = 4; lastKnownFileType = text.plist; path = Licenses.plist; sourceTree = "<group>"; };
		A73976BF18EB9DA10092538B /* WALicenseVC.h */ = {isa = PBXFileReference; fileEncoding = 4; lastKnownFileType = sourcecode.c.h; path = WALicenseVC.h; sourceTree = "<group>"; };
		A73976C018EB9DA10092538B /* WALicenseVC.m */ = {isa = PBXFileReference; fileEncoding = 4; lastKnownFileType = sourcecode.c.objc; path = WALicenseVC.m; sourceTree = "<group>"; };
		A739BFA61866A5220003D323 /* navbar.png */ = {isa = PBXFileReference; lastKnownFileType = image.png; path = navbar.png; sourceTree = "<group>"; };
		A747819B1864EF00003DCA60 /* backgrounds */ = {isa = PBXFileReference; lastKnownFileType = folder; path = backgrounds; sourceTree = "<group>"; };
		A747819D18661209003DCA60 /* backgrounds.plist */ = {isa = PBXFileReference; fileEncoding = 4; lastKnownFileType = text.plist.xml; path = backgrounds.plist; sourceTree = "<group>"; };
		A75636D318DE0E9200273EAE /* WADailyForecastTVC.h */ = {isa = PBXFileReference; fileEncoding = 4; lastKnownFileType = sourcecode.c.h; path = WADailyForecastTVC.h; sourceTree = "<group>"; };
		A75636D418DE0E9200273EAE /* WADailyForecastTVC.m */ = {isa = PBXFileReference; fileEncoding = 4; lastKnownFileType = sourcecode.c.objc; path = WADailyForecastTVC.m; sourceTree = "<group>"; };
		A75636D618DE0EDD00273EAE /* WAHourlyForecastTVC.h */ = {isa = PBXFileReference; fileEncoding = 4; lastKnownFileType = sourcecode.c.h; path = WAHourlyForecastTVC.h; sourceTree = "<group>"; };
		A75636D718DE0EDD00273EAE /* WAHourlyForecastTVC.m */ = {isa = PBXFileReference; fileEncoding = 4; lastKnownFileType = sourcecode.c.objc; path = WAHourlyForecastTVC.m; sourceTree = "<group>"; };
		A75636DB18DE165300273EAE /* UITableView+Reload.h */ = {isa = PBXFileReference; fileEncoding = 4; lastKnownFileType = sourcecode.c.h; path = "UITableView+Reload.h"; sourceTree = "<group>"; };
		A75636DC18DE165300273EAE /* UITableView+Reload.m */ = {isa = PBXFileReference; fileEncoding = 4; lastKnownFileType = sourcecode.c.objc; path = "UITableView+Reload.m"; sourceTree = "<group>"; };
		A76A07BB18A0767900C813B5 /* wunderground.png */ = {isa = PBXFileReference; lastKnownFileType = image.png; path = wunderground.png; sourceTree = "<group>"; };
		A76A07BD18A0789400C813B5 /* wunderground@2x.png */ = {isa = PBXFileReference; lastKnownFileType = image.png; path = "wunderground@2x.png"; sourceTree = "<group>"; };
		A78613591863DA1C0052FCC5 /* WAPageViewController.h */ = {isa = PBXFileReference; fileEncoding = 4; lastKnownFileType = sourcecode.c.h; lineEnding = 0; path = WAPageViewController.h; sourceTree = "<group>"; xcLanguageSpecificationIdentifier = xcode.lang.objcpp; };
		A786135A1863DA1C0052FCC5 /* WAPageViewController.m */ = {isa = PBXFileReference; fileEncoding = 4; lastKnownFileType = sourcecode.c.objc; path = WAPageViewController.m; sourceTree = "<group>"; };
		A7BEE9A918E5EDA4002730F5 /* UIImage+WhiteImage.h */ = {isa = PBXFileReference; fileEncoding = 4; lastKnownFileType = sourcecode.c.h; path = "UIImage+WhiteImage.h"; sourceTree = "<group>"; };
		A7BEE9AA18E5EDA4002730F5 /* UIImage+WhiteImage.m */ = {isa = PBXFileReference; fileEncoding = 4; lastKnownFileType = sourcecode.c.objc; path = "UIImage+WhiteImage.m"; sourceTree = "<group>"; };
		A7CDF03C1891C6E50073E76F /* UIImage+Preload.h */ = {isa = PBXFileReference; fileEncoding = 4; lastKnownFileType = sourcecode.c.h; path = "UIImage+Preload.h"; sourceTree = "<group>"; };
		A7CDF03D1891C6E50073E76F /* UIImage+Preload.m */ = {isa = PBXFileReference; fileEncoding = 4; lastKnownFileType = sourcecode.c.objc; path = "UIImage+Preload.m"; sourceTree = "<group>"; };
		A7D84FEB18DE472F005F30E2 /* BVReorderTableView.h */ = {isa = PBXFileReference; fileEncoding = 4; lastKnownFileType = sourcecode.c.h; path = BVReorderTableView.h; sourceTree = "<group>"; };
		A7D84FEC18DE472F005F30E2 /* BVReorderTableView.m */ = {isa = PBXFileReference; fileEncoding = 4; lastKnownFileType = sourcecode.c.objc; path = BVReorderTableView.m; sourceTree = "<group>"; };
		A7E9779318288423004189B0 /* WANavigationController.h */ = {isa = PBXFileReference; fileEncoding = 4; lastKnownFileType = sourcecode.c.h; lineEnding = 0; name = WANavigationController.h; path = WeatherApp/WANavigationController.h; sourceTree = "<group>"; xcLanguageSpecificationIdentifier = xcode.lang.objcpp; };
		A7E9779418288423004189B0 /* WANavigationController.m */ = {isa = PBXFileReference; fileEncoding = 4; lastKnownFileType = sourcecode.c.objc; lineEnding = 0; name = WANavigationController.m; path = WeatherApp/WANavigationController.m; sourceTree = "<group>"; xcLanguageSpecificationIdentifier = xcode.lang.objc; };
		A7E9779618288432004189B0 /* WALocationListTVC.h */ = {isa = PBXFileReference; fileEncoding = 4; lastKnownFileType = sourcecode.c.h; lineEnding = 0; name = WALocationListTVC.h; path = WeatherApp/WALocationListTVC.h; sourceTree = "<group>"; xcLanguageSpecificationIdentifier = xcode.lang.objcpp; };
		A7E9779718288432004189B0 /* WALocationListTVC.m */ = {isa = PBXFileReference; fileEncoding = 4; lastKnownFileType = sourcecode.c.objc; lineEnding = 0; name = WALocationListTVC.m; path = WeatherApp/WALocationListTVC.m; sourceTree = "<group>"; xcLanguageSpecificationIdentifier = xcode.lang.objc; };
		A7F7754818E28B3A00670AD3 /* WALocationCell.h */ = {isa = PBXFileReference; fileEncoding = 4; lastKnownFileType = sourcecode.c.h; name = WALocationCell.h; path = WeatherApp/WALocationCell.h; sourceTree = "<group>"; };
		A7F7754918E28B3A00670AD3 /* WALocationCell.m */ = {isa = PBXFileReference; fileEncoding = 4; lastKnownFileType = sourcecode.c.objc; name = WALocationCell.m; path = WeatherApp/WALocationCell.m; sourceTree = "<group>"; };
		A7F7754F18E2B01100670AD3 /* AVFoundation.framework */ = {isa = PBXFileReference; lastKnownFileType = wrapper.framework; name = AVFoundation.framework; path = System/Library/Frameworks/AVFoundation.framework; sourceTree = SDKROOT; };
		BC1367FA182162920090CAC5 /* UserDefaults.txt */ = {isa = PBXFileReference; fileEncoding = 4; lastKnownFileType = text; lineEnding = 0; path = UserDefaults.txt; sourceTree = "<group>"; };
		BC7CA05F184E63BA00AAF520 /* WASettingsConstants.h */ = {isa = PBXFileReference; fileEncoding = 4; lastKnownFileType = sourcecode.c.h; lineEnding = 0; path = WASettingsConstants.h; sourceTree = "<group>"; xcLanguageSpecificationIdentifier = xcode.lang.objcpp; };
		BC7CA060184E63BA00AAF520 /* WASettingsConstants.m */ = {isa = PBXFileReference; fileEncoding = 4; lastKnownFileType = sourcecode.c.objc; path = WASettingsConstants.m; sourceTree = "<group>"; };
		BCA93CCE181EEB2B00516E7E /* WAWeatherVC.h */ = {isa = PBXFileReference; fileEncoding = 4; lastKnownFileType = sourcecode.c.h; lineEnding = 0; path = WAWeatherVC.h; sourceTree = "<group>"; xcLanguageSpecificationIdentifier = xcode.lang.objcpp; };
		BCA93CCF181EEB2B00516E7E /* WAWeatherVC.m */ = {isa = PBXFileReference; fileEncoding = 4; lastKnownFileType = sourcecode.c.objc; lineEnding = 0; path = WAWeatherVC.m; sourceTree = "<group>"; xcLanguageSpecificationIdentifier = xcode.lang.objc; };
		BCA93CD0181EEB2B00516E7E /* WAWeatherVC.xib */ = {isa = PBXFileReference; fileEncoding = 4; lastKnownFileType = file.xib; path = WAWeatherVC.xib; sourceTree = "<group>"; };
		BCA93CD4181EEC6D00516E7E /* CoreLocation.framework */ = {isa = PBXFileReference; lastKnownFileType = wrapper.framework; name = CoreLocation.framework; path = System/Library/Frameworks/CoreLocation.framework; sourceTree = SDKROOT; };
		BCA93CDA181F048400516E7E /* WALocationManager.h */ = {isa = PBXFileReference; fileEncoding = 4; lastKnownFileType = sourcecode.c.h; path = WALocationManager.h; sourceTree = "<group>"; };
		BCA93CDB181F048400516E7E /* WALocationManager.m */ = {isa = PBXFileReference; fileEncoding = 4; lastKnownFileType = sourcecode.c.objc; lineEnding = 0; path = WALocationManager.m; sourceTree = "<group>"; xcLanguageSpecificationIdentifier = xcode.lang.objc; };
		BCA93CDE181F0A9100516E7E /* WALocation.h */ = {isa = PBXFileReference; fileEncoding = 4; lastKnownFileType = sourcecode.c.h; lineEnding = 0; path = WALocation.h; sourceTree = "<group>"; xcLanguageSpecificationIdentifier = xcode.lang.objcpp; };
		BCA93CDF181F0A9100516E7E /* WALocation.m */ = {isa = PBXFileReference; fileEncoding = 4; lastKnownFileType = sourcecode.c.objc; lineEnding = 0; path = WALocation.m; sourceTree = "<group>"; xcLanguageSpecificationIdentifier = xcode.lang.objc; };
/* End PBXFileReference section */

/* Begin PBXFrameworksBuildPhase section */
		A71C08D6181ED1B6003488ED /* Frameworks */ = {
			isa = PBXFrameworksBuildPhase;
			buildActionMask = 2147483647;
			files = (
				BCA93CD5181EEC6D00516E7E /* CoreLocation.framework in Frameworks */,
				A71C08DF181ED1B6003488ED /* CoreGraphics.framework in Frameworks */,
				A71C08E1181ED1B6003488ED /* UIKit.framework in Frameworks */,
				A71C08DD181ED1B6003488ED /* Foundation.framework in Frameworks */,
			);
			runOnlyForDeploymentPostprocessing = 0;
		};
/* End PBXFrameworksBuildPhase section */

/* Begin PBXGroup section */
		A70EE9C11823623100F317A9 /* New location table */ = {
			isa = PBXGroup;
			children = (
				A70EE9BE1823622B00F317A9 /* WANewLocationTVC.h */,
				A70EE9BF1823622B00F317A9 /* WANewLocationTVC.m */,
			);
			name = "New location table";
			sourceTree = "<group>";
		};
		A70EE9D21826C1D100F317A9 /* Settings table */ = {
			isa = PBXGroup;
			children = (
				BC7CA05F184E63BA00AAF520 /* WASettingsConstants.h */,
				BC7CA060184E63BA00AAF520 /* WASettingsConstants.m */,
				A70EE9CF1826C1CD00F317A9 /* WASettingsTVC.h */,
				A70EE9D01826C1CD00F317A9 /* WASettingsTVC.m */,
				A73976C218EBA0410092538B /* License view */,
			);
			name = "Settings table";
			sourceTree = "<group>";
		};
		A7164982189078F300205E07 /* Condition detail table */ = {
			isa = PBXGroup;
			children = (
				A716497F189078E800205E07 /* WAConditionDetailTVC.h */,
				A7164980189078E800205E07 /* WAConditionDetailTVC.m */,
			);
			name = "Condition detail table";
			sourceTree = "<group>";
		};
		A71C08D0181ED1B6003488ED = {
			isa = PBXGroup;
			children = (
				A71C08E2181ED1B6003488ED /* WeatherApp */,
				A71C08DB181ED1B6003488ED /* Frameworks */,
				A71C08DA181ED1B6003488ED /* Products */,
			);
			sourceTree = "<group>";
		};
		A71C08DA181ED1B6003488ED /* Products */ = {
			isa = PBXGroup;
			children = (
				A71C08D9181ED1B6003488ED /* Weather.app */,
			);
			name = Products;
			sourceTree = "<group>";
		};
		A71C08DB181ED1B6003488ED /* Frameworks */ = {
			isa = PBXGroup;
			children = (
				A7F7754F18E2B01100670AD3 /* AVFoundation.framework */,
				BCA93CD4181EEC6D00516E7E /* CoreLocation.framework */,
				A71C08DC181ED1B6003488ED /* Foundation.framework */,
				A71C08DE181ED1B6003488ED /* CoreGraphics.framework */,
				A71C08E0181ED1B6003488ED /* UIKit.framework */,
			);
			name = Frameworks;
			sourceTree = "<group>";
		};
		A71C08E2181ED1B6003488ED /* WeatherApp */ = {
			isa = PBXGroup;
			children = (
				BC1367F9182091CC0090CAC5 /* Application delegate */,
				BCA93CDD181F048D00516E7E /* Location manager */,
				BCA93CE1181F0A9500516E7E /* Location */,
				A786135C1863DA230052FCC5 /* Page view controller */,
				BC136803182167D90090CAC5 /* Navigation controller */,
				BC64C8C81822CF2800C59F00 /* Location list table */,
				A70EE9C11823623100F317A9 /* New location table */,
				A70EE9D21826C1D100F317A9 /* Settings table */,
				BCA93CD3181EEB2F00516E7E /* Location views */,
				A7D84FEF18DE47E4005F30E2 /* Extensions and categories */,
				A71C08E3181ED1B6003488ED /* Supporting Files */,
				A70EE9D71827142E00F317A9 /* icons */,
				A73976BB18E8CCA40092538B /* flags */,
				A747819B1864EF00003DCA60 /* backgrounds */,
			);
			path = WeatherApp;
			sourceTree = "<group>";
		};
		A71C08E3181ED1B6003488ED /* Supporting Files */ = {
			isa = PBXGroup;
			children = (
				A71C08EE181ED1B7003488ED /* Images.xcassets */,
				A71C08E4181ED1B6003488ED /* Weather-Info.plist */,
				A71C08E8181ED1B6003488ED /* main.m */,
				A71C08EA181ED1B6003488ED /* Weather-Prefix.pch */,
				A739BFA61866A5220003D323 /* navbar.png */,
				A76A07BB18A0767900C813B5 /* wunderground.png */,
				A76A07BD18A0789400C813B5 /* wunderground@2x.png */,
				A747819D18661209003DCA60 /* backgrounds.plist */,
				BC1367FA182162920090CAC5 /* UserDefaults.txt */,
				A73976BD18EB99780092538B /* Licenses.plist */,
			);
			name = "Supporting Files";
			sourceTree = "<group>";
		};
		A73976C218EBA0410092538B /* License view */ = {
			isa = PBXGroup;
			children = (
				A73976BF18EB9DA10092538B /* WALicenseVC.h */,
				A73976C018EB9DA10092538B /* WALicenseVC.m */,
			);
			name = "License view";
			sourceTree = "<group>";
		};
		A73976C318EBA3680092538B /* Overview */ = {
			isa = PBXGroup;
			children = (
				BCA93CCE181EEB2B00516E7E /* WAWeatherVC.h */,
				BCA93CCF181EEB2B00516E7E /* WAWeatherVC.m */,
				BCA93CD0181EEB2B00516E7E /* WAWeatherVC.xib */,
			);
			name = Overview;
			sourceTree = "<group>";
		};
		A75636D218DE0DE000273EAE /* Daily forecast table */ = {
			isa = PBXGroup;
			children = (
				A75636D318DE0E9200273EAE /* WADailyForecastTVC.h */,
				A75636D418DE0E9200273EAE /* WADailyForecastTVC.m */,
			);
			name = "Daily forecast table";
			sourceTree = "<group>";
		};
		A75636D918DE0EE100273EAE /* Hourly forecast table */ = {
			isa = PBXGroup;
			children = (
				A75636D618DE0EDD00273EAE /* WAHourlyForecastTVC.h */,
				A75636D718DE0EDD00273EAE /* WAHourlyForecastTVC.m */,
			);
			name = "Hourly forecast table";
			sourceTree = "<group>";
		};
		A75636DA18DE162F00273EAE /* UITableView reload animation */ = {
			isa = PBXGroup;
			children = (
				A75636DB18DE165300273EAE /* UITableView+Reload.h */,
				A75636DC18DE165300273EAE /* UITableView+Reload.m */,
			);
			name = "UITableView reload animation";
			sourceTree = "<group>";
		};
		A786135C1863DA230052FCC5 /* Page view controller */ = {
			isa = PBXGroup;
			children = (
				A78613591863DA1C0052FCC5 /* WAPageViewController.h */,
				A786135A1863DA1C0052FCC5 /* WAPageViewController.m */,
			);
			name = "Page view controller";
			sourceTree = "<group>";
		};
		A7BEE9A818E5ED72002730F5 /* UIImage to white */ = {
			isa = PBXGroup;
			children = (
				A7BEE9A918E5EDA4002730F5 /* UIImage+WhiteImage.h */,
				A7BEE9AA18E5EDA4002730F5 /* UIImage+WhiteImage.m */,
			);
			name = "UIImage to white";
			sourceTree = "<group>";
		};
		A7CDF03F1891C7360073E76F /* UIImage preloading */ = {
			isa = PBXGroup;
			children = (
				A7CDF03C1891C6E50073E76F /* UIImage+Preload.h */,
				A7CDF03D1891C6E50073E76F /* UIImage+Preload.m */,
			);
			name = "UIImage preloading";
			sourceTree = "<group>";
		};
		A7D84FEE18DE47D0005F30E2 /* Reorder table view */ = {
			isa = PBXGroup;
			children = (
				A7D84FEB18DE472F005F30E2 /* BVReorderTableView.h */,
				A7D84FEC18DE472F005F30E2 /* BVReorderTableView.m */,
			);
			name = "Reorder table view";
			sourceTree = "<group>";
		};
		A7D84FEF18DE47E4005F30E2 /* Extensions and categories */ = {
			isa = PBXGroup;
			children = (
				A7D84FF818DE83DB005F30E2 /* Navigation fade transition */,
				A75636DA18DE162F00273EAE /* UITableView reload animation */,
				A7BEE9A818E5ED72002730F5 /* UIImage to white */,
				A7CDF03F1891C7360073E76F /* UIImage preloading */,
				A7D84FEE18DE47D0005F30E2 /* Reorder table view */,
				A7D84FF718DE698F005F30E2 /* Drop down menu */,
			);
			name = "Extensions and categories";
			sourceTree = "<group>";
		};
		A7D84FF718DE698F005F30E2 /* Drop down menu */ = {
			isa = PBXGroup;
			children = (
				A73976B218E642570092538B /* WAMenu.h */,
				A73976B318E642570092538B /* WAMenu.m */,
				A73976B418E642570092538B /* WAMenuItem.h */,
				A73976B518E642570092538B /* WAMenuItem.m */,
			);
			name = "Drop down menu";
			sourceTree = "<group>";
		};
		A7D84FF818DE83DB005F30E2 /* Navigation fade transition */ = {
			isa = PBXGroup;
			children = (
				A73976B818E64A6B0092538B /* UINavigationController+Fade.h */,
				A73976B918E64A6B0092538B /* UINavigationController+Fade.m */,
			);
			name = "Navigation fade transition";
			sourceTree = "<group>";
		};
		A7F7754B18E28FBF00670AD3 /* Location cell */ = {
			isa = PBXGroup;
			children = (
				A7F7754818E28B3A00670AD3 /* WALocationCell.h */,
				A7F7754918E28B3A00670AD3 /* WALocationCell.m */,
			);
			name = "Location cell";
			sourceTree = "<group>";
		};
		BC1367F9182091CC0090CAC5 /* Application delegate */ = {
			isa = PBXGroup;
			children = (
				A71C08EB181ED1B6003488ED /* WAAppDelegate.h */,
				A71C08EC181ED1B6003488ED /* WAAppDelegate.m */,
			);
			name = "Application delegate";
			sourceTree = "<group>";
		};
		BC136803182167D90090CAC5 /* Navigation controller */ = {
			isa = PBXGroup;
			children = (
				A7E9779318288423004189B0 /* WANavigationController.h */,
				A7E9779418288423004189B0 /* WANavigationController.m */,
			);
			name = "Navigation controller";
			path = ..;
			sourceTree = "<group>";
		};
		BC64C8C81822CF2800C59F00 /* Location list table */ = {
			isa = PBXGroup;
			children = (
				A7E9779618288432004189B0 /* WALocationListTVC.h */,
				A7E9779718288432004189B0 /* WALocationListTVC.m */,
				A7F7754B18E28FBF00670AD3 /* Location cell */,
			);
			name = "Location list table";
			path = ..;
			sourceTree = "<group>";
		};
		BCA93CD3181EEB2F00516E7E /* Location views */ = {
			isa = PBXGroup;
			children = (
				A73976C318EBA3680092538B /* Overview */,
				A7164982189078F300205E07 /* Condition detail table */,
				A75636D218DE0DE000273EAE /* Daily forecast table */,
				A75636D918DE0EE100273EAE /* Hourly forecast table */,
			);
			name = "Location views";
			sourceTree = "<group>";
		};
		BCA93CDD181F048D00516E7E /* Location manager */ = {
			isa = PBXGroup;
			children = (
				BCA93CDA181F048400516E7E /* WALocationManager.h */,
				BCA93CDB181F048400516E7E /* WALocationManager.m */,
			);
			name = "Location manager";
			sourceTree = "<group>";
		};
		BCA93CE1181F0A9500516E7E /* Location */ = {
			isa = PBXGroup;
			children = (
				BCA93CDE181F0A9100516E7E /* WALocation.h */,
				BCA93CDF181F0A9100516E7E /* WALocation.m */,
			);
			name = Location;
			sourceTree = "<group>";
		};
/* End PBXGroup section */

/* Begin PBXNativeTarget section */
		A71C08D8181ED1B6003488ED /* Weather */ = {
			isa = PBXNativeTarget;
			buildConfigurationList = A71C0905181ED1B7003488ED /* Build configuration list for PBXNativeTarget "Weather" */;
			buildPhases = (
				A71C08D5181ED1B6003488ED /* Sources */,
				A71C08D6181ED1B6003488ED /* Frameworks */,
				A71C08D7181ED1B6003488ED /* Resources */,
			);
			buildRules = (
			);
			dependencies = (
			);
			name = Weather;
			productName = WeatherApp;
			productReference = A71C08D9181ED1B6003488ED /* Weather.app */;
			productType = "com.apple.product-type.application";
		};
/* End PBXNativeTarget section */

/* Begin PBXProject section */
		A71C08D1181ED1B6003488ED /* Project object */ = {
			isa = PBXProject;
			attributes = {
				CLASSPREFIX = WA;
				LastUpgradeCheck = 0510;
				ORGANIZATIONNAME = "Really Good";
				TargetAttributes = {
					A71C08D8181ED1B6003488ED = {
						DevelopmentTeam = 3382TH9DVM;
						SystemCapabilities = {
							com.apple.BackgroundModes = {
								enabled = 1;
							};
						};
					};
				};
			};
			buildConfigurationList = A71C08D4181ED1B6003488ED /* Build configuration list for PBXProject "Weather" */;
			compatibilityVersion = "Xcode 3.2";
			developmentRegion = English;
			hasScannedForEncodings = 0;
			knownRegions = (
				en,
			);
			mainGroup = A71C08D0181ED1B6003488ED;
			productRefGroup = A71C08DA181ED1B6003488ED /* Products */;
			projectDirPath = "";
			projectRoot = "";
			targets = (
				A71C08D8181ED1B6003488ED /* Weather */,
			);
		};
/* End PBXProject section */

/* Begin PBXResourcesBuildPhase section */
		A71C08D7181ED1B6003488ED /* Resources */ = {
			isa = PBXResourcesBuildPhase;
			buildActionMask = 2147483647;
			files = (
				A73976BC18E8CCA40092538B /* flags in Resources */,
				BCA93CD2181EEB2B00516E7E /* WAWeatherVC.xib in Resources */,
				A71C08EF181ED1B7003488ED /* Images.xcassets in Resources */,
				A76A07BE18A0789400C813B5 /* wunderground@2x.png in Resources */,
				A739BFA71866A5220003D323 /* navbar.png in Resources */,
				A70EE9D81827142E00F317A9 /* icons in Resources */,
				A747819C1864EF00003DCA60 /* backgrounds in Resources */,
				A747819E18661209003DCA60 /* backgrounds.plist in Resources */,
				BC1367FB182162920090CAC5 /* UserDefaults.txt in Resources */,
				A73976BE18EB99790092538B /* Licenses.plist in Resources */,
				A76A07BC18A0767900C813B5 /* wunderground.png in Resources */,
			);
			runOnlyForDeploymentPostprocessing = 0;
		};
/* End PBXResourcesBuildPhase section */

/* Begin PBXSourcesBuildPhase section */
		A71C08D5181ED1B6003488ED /* Sources */ = {
			isa = PBXSourcesBuildPhase;
			buildActionMask = 2147483647;
			files = (
				A71C08ED181ED1B6003488ED /* WAAppDelegate.m in Sources */,
				A75636DD18DE165300273EAE /* UITableView+Reload.m in Sources */,
				A71C08E9181ED1B6003488ED /* main.m in Sources */,
				A70EE9D11826C1CD00F317A9 /* WASettingsTVC.m in Sources */,
				A7F7754A18E28B3A00670AD3 /* WALocationCell.m in Sources */,
				A73976BA18E64A6B0092538B /* UINavigationController+Fade.m in Sources */,
				A7BEE9AB18E5EDA4002730F5 /* UIImage+WhiteImage.m in Sources */,
				A73976B618E642570092538B /* WAMenu.m in Sources */,
				A7E9779818288432004189B0 /* WALocationListTVC.m in Sources */,
				BCA93CDC181F048400516E7E /* WALocationManager.m in Sources */,
				BCA93CE0181F0A9100516E7E /* WALocation.m in Sources */,
				A73976C118EB9DA10092538B /* WALicenseVC.m in Sources */,
				A73976B718E642570092538B /* WAMenuItem.m in Sources */,
				BCA93CD1181EEB2B00516E7E /* WAWeatherVC.m in Sources */,
				A786135B1863DA1C0052FCC5 /* WAPageViewController.m in Sources */,
				A7D84FED18DE472F005F30E2 /* BVReorderTableView.m in Sources */,
				A7164981189078E800205E07 /* WAConditionDetailTVC.m in Sources */,
				BC7CA061184E63BA00AAF520 /* WASettingsConstants.m in Sources */,
				A7CDF03E1891C6E50073E76F /* UIImage+Preload.m in Sources */,
				A75636D518DE0E9200273EAE /* WADailyForecastTVC.m in Sources */,
				A70EE9C01823622B00F317A9 /* WANewLocationTVC.m in Sources */,
				A7E9779518288423004189B0 /* WANavigationController.m in Sources */,
				A75636D818DE0EDD00273EAE /* WAHourlyForecastTVC.m in Sources */,
			);
			runOnlyForDeploymentPostprocessing = 0;
		};
/* End PBXSourcesBuildPhase section */

/* Begin XCBuildConfiguration section */
		A71C0903181ED1B7003488ED /* Debug */ = {
			isa = XCBuildConfiguration;
			buildSettings = {
				ALWAYS_SEARCH_USER_PATHS = NO;
				CLANG_CXX_LANGUAGE_STANDARD = "gnu++0x";
				CLANG_CXX_LIBRARY = "libc++";
				CLANG_ENABLE_MODULES = YES;
				CLANG_ENABLE_OBJC_ARC = YES;
				CLANG_WARN_BOOL_CONVERSION = YES;
				CLANG_WARN_CONSTANT_CONVERSION = YES;
				CLANG_WARN_DIRECT_OBJC_ISA_USAGE = YES_ERROR;
				CLANG_WARN_EMPTY_BODY = YES;
				CLANG_WARN_ENUM_CONVERSION = YES;
				CLANG_WARN_INT_CONVERSION = YES;
				CLANG_WARN_OBJC_ROOT_CLASS = YES_ERROR;
				CLANG_WARN__DUPLICATE_METHOD_MATCH = YES;
				"CODE_SIGN_IDENTITY[sdk=iphoneos*]" = "iPhone Developer";
				COPY_PHASE_STRIP = NO;
				GCC_C_LANGUAGE_STANDARD = gnu99;
				GCC_DYNAMIC_NO_PIC = NO;
				GCC_OPTIMIZATION_LEVEL = 0;
				GCC_PREPROCESSOR_DEFINITIONS = (
					"DEBUG=1",
					"$(inherited)",
				);
				GCC_SYMBOLS_PRIVATE_EXTERN = NO;
				GCC_WARN_64_TO_32_BIT_CONVERSION = YES;
				GCC_WARN_ABOUT_RETURN_TYPE = YES_ERROR;
				GCC_WARN_UNDECLARED_SELECTOR = YES;
				GCC_WARN_UNINITIALIZED_AUTOS = YES;
				GCC_WARN_UNUSED_FUNCTION = YES;
				GCC_WARN_UNUSED_VARIABLE = YES;
				IPHONEOS_DEPLOYMENT_TARGET = 6.0;
				ONLY_ACTIVE_ARCH = YES;
				SDKROOT = iphoneos;
				TARGETED_DEVICE_FAMILY = "1,2";
			};
			name = Debug;
		};
		A71C0904181ED1B7003488ED /* Release */ = {
			isa = XCBuildConfiguration;
			buildSettings = {
				ALWAYS_SEARCH_USER_PATHS = NO;
				CLANG_CXX_LANGUAGE_STANDARD = "gnu++0x";
				CLANG_CXX_LIBRARY = "libc++";
				CLANG_ENABLE_MODULES = YES;
				CLANG_ENABLE_OBJC_ARC = YES;
				CLANG_WARN_BOOL_CONVERSION = YES;
				CLANG_WARN_CONSTANT_CONVERSION = YES;
				CLANG_WARN_DIRECT_OBJC_ISA_USAGE = YES_ERROR;
				CLANG_WARN_EMPTY_BODY = YES;
				CLANG_WARN_ENUM_CONVERSION = YES;
				CLANG_WARN_INT_CONVERSION = YES;
				CLANG_WARN_OBJC_ROOT_CLASS = YES_ERROR;
				CLANG_WARN__DUPLICATE_METHOD_MATCH = YES;
				"CODE_SIGN_IDENTITY[sdk=iphoneos*]" = "iPhone Developer";
				COPY_PHASE_STRIP = YES;
				ENABLE_NS_ASSERTIONS = NO;
				GCC_C_LANGUAGE_STANDARD = gnu99;
				GCC_WARN_64_TO_32_BIT_CONVERSION = YES;
				GCC_WARN_ABOUT_RETURN_TYPE = YES_ERROR;
				GCC_WARN_UNDECLARED_SELECTOR = YES;
				GCC_WARN_UNINITIALIZED_AUTOS = YES;
				GCC_WARN_UNUSED_FUNCTION = YES;
				GCC_WARN_UNUSED_VARIABLE = YES;
				IPHONEOS_DEPLOYMENT_TARGET = 6.0;
				SDKROOT = iphoneos;
				TARGETED_DEVICE_FAMILY = "1,2";
				VALIDATE_PRODUCT = YES;
			};
			name = Release;
		};
		A71C0906181ED1B7003488ED /* Debug */ = {
			isa = XCBuildConfiguration;
			buildSettings = {
				ASSETCATALOG_COMPILER_APPICON_NAME = AppIcon;
				ASSETCATALOG_COMPILER_LAUNCHIMAGE_NAME = LaunchImage;
				CLANG_WARN_DEPRECATED_OBJC_IMPLEMENTATIONS = YES;
				CLANG_WARN_DOCUMENTATION_COMMENTS = YES;
				CLANG_WARN_IMPLICIT_SIGN_CONVERSION = NO;
				CLANG_WARN_OBJC_IMPLICIT_ATOMIC_PROPERTIES = NO;
				CLANG_WARN_OBJC_MISSING_PROPERTY_SYNTHESIS = NO;
				CLANG_WARN_SUSPICIOUS_IMPLICIT_CONVERSION = NO;
				CODE_SIGN_IDENTITY = "iPhone Developer";
				"CODE_SIGN_IDENTITY[sdk=iphoneos*]" = "iPhone Developer";
				GCC_PRECOMPILE_PREFIX_HEADER = YES;
				GCC_PREFIX_HEADER = "WeatherApp/Weather-Prefix.pch";
				GCC_TREAT_IMPLICIT_FUNCTION_DECLARATIONS_AS_ERRORS = YES;
				GCC_TREAT_INCOMPATIBLE_POINTER_TYPE_WARNINGS_AS_ERRORS = YES;
				GCC_WARN_ABOUT_MISSING_FIELD_INITIALIZERS = YES;
				GCC_WARN_ABOUT_MISSING_NEWLINE = NO;
				GCC_WARN_ABOUT_MISSING_PROTOTYPES = YES;
				GCC_WARN_FOUR_CHARACTER_CONSTANTS = YES;
				GCC_WARN_INITIALIZER_NOT_FULLY_BRACKETED = YES;
				GCC_WARN_MULTIPLE_DEFINITION_TYPES_FOR_SELECTOR = NO;
				GCC_WARN_SHADOW = NO;
				GCC_WARN_SIGN_COMPARE = NO;
				GCC_WARN_STRICT_SELECTOR_MATCH = NO;
				GCC_WARN_UNKNOWN_PRAGMAS = YES;
				GCC_WARN_UNUSED_LABEL = YES;
				GCC_WARN_UNUSED_PARAMETER = NO;
				INFOPLIST_FILE = "WeatherApp/Weather-Info.plist";
				IPHONEOS_DEPLOYMENT_TARGET = 7.0;
				ONLY_ACTIVE_ARCH = NO;
				PRODUCT_NAME = Weather;
				PROVISIONING_PROFILE = "";
				TARGETED_DEVICE_FAMILY = 1;
				WRAPPER_EXTENSION = app;
			};
			name = Debug;
		};
		A71C0907181ED1B7003488ED /* Release */ = {
			isa = XCBuildConfiguration;
			buildSettings = {
				ASSETCATALOG_COMPILER_APPICON_NAME = AppIcon;
				ASSETCATALOG_COMPILER_LAUNCHIMAGE_NAME = LaunchImage;
				CLANG_WARN_DEPRECATED_OBJC_IMPLEMENTATIONS = YES;
				CLANG_WARN_DOCUMENTATION_COMMENTS = YES;
				CLANG_WARN_IMPLICIT_SIGN_CONVERSION = NO;
				CLANG_WARN_OBJC_IMPLICIT_ATOMIC_PROPERTIES = NO;
				CLANG_WARN_OBJC_MISSING_PROPERTY_SYNTHESIS = NO;
				CLANG_WARN_SUSPICIOUS_IMPLICIT_CONVERSION = NO;
				CODE_SIGN_IDENTITY = "iPhone Developer";
				"CODE_SIGN_IDENTITY[sdk=iphoneos*]" = "iPhone Developer";
				GCC_PRECOMPILE_PREFIX_HEADER = YES;
				GCC_PREFIX_HEADER = "WeatherApp/Weather-Prefix.pch";
				GCC_TREAT_IMPLICIT_FUNCTION_DECLARATIONS_AS_ERRORS = YES;
				GCC_TREAT_INCOMPATIBLE_POINTER_TYPE_WARNINGS_AS_ERRORS = YES;
				GCC_WARN_ABOUT_MISSING_FIELD_INITIALIZERS = YES;
				GCC_WARN_ABOUT_MISSING_NEWLINE = NO;
				GCC_WARN_ABOUT_MISSING_PROTOTYPES = YES;
				GCC_WARN_FOUR_CHARACTER_CONSTANTS = YES;
				GCC_WARN_INITIALIZER_NOT_FULLY_BRACKETED = YES;
				GCC_WARN_MULTIPLE_DEFINITION_TYPES_FOR_SELECTOR = NO;
				GCC_WARN_SHADOW = NO;
				GCC_WARN_SIGN_COMPARE = NO;
				GCC_WARN_STRICT_SELECTOR_MATCH = NO;
				GCC_WARN_UNKNOWN_PRAGMAS = YES;
				GCC_WARN_UNUSED_LABEL = YES;
				GCC_WARN_UNUSED_PARAMETER = NO;
				INFOPLIST_FILE = "WeatherApp/Weather-Info.plist";
				IPHONEOS_DEPLOYMENT_TARGET = 7.0;
				PRODUCT_NAME = Weather;
				PROVISIONING_PROFILE = "";
				TARGETED_DEVICE_FAMILY = 1;
				WRAPPER_EXTENSION = app;
			};
			name = Release;
		};
/* End XCBuildConfiguration section */

/* Begin XCConfigurationList section */
		A71C08D4181ED1B6003488ED /* Build configuration list for PBXProject "Weather" */ = {
			isa = XCConfigurationList;
			buildConfigurations = (
				A71C0903181ED1B7003488ED /* Debug */,
				A71C0904181ED1B7003488ED /* Release */,
			);
			defaultConfigurationIsVisible = 0;
			defaultConfigurationName = Release;
		};
		A71C0905181ED1B7003488ED /* Build configuration list for PBXNativeTarget "Weather" */ = {
			isa = XCConfigurationList;
			buildConfigurations = (
				A71C0906181ED1B7003488ED /* Debug */,
				A71C0907181ED1B7003488ED /* Release */,
			);
			defaultConfigurationIsVisible = 0;
			defaultConfigurationName = Release;
		};
/* End XCConfigurationList section */
	};
	rootObject = A71C08D1181ED1B6003488ED /* Project object */;
}
