// !$*UTF8*$!
{
	archiveVersion = 1;
	classes = {
	};
	objectVersion = 46;
	objects = {

/* Begin PBXBuildFile section */
		A70EE9C01823622B00F317A9 /* WANewLocationVC.m in Sources */ = {isa = PBXBuildFile; fileRef = A70EE9BF1823622B00F317A9 /* WANewLocationVC.m */; };
		A70EE9C2182442E300F317A9 /* WANewLocationVC.m in Sources */ = {isa = PBXBuildFile; fileRef = A70EE9BF1823622B00F317A9 /* WANewLocationVC.m */; };
		A71C08DD181ED1B6003488ED /* Foundation.framework in Frameworks */ = {isa = PBXBuildFile; fileRef = A71C08DC181ED1B6003488ED /* Foundation.framework */; };
		A71C08DF181ED1B6003488ED /* CoreGraphics.framework in Frameworks */ = {isa = PBXBuildFile; fileRef = A71C08DE181ED1B6003488ED /* CoreGraphics.framework */; };
		A71C08E1181ED1B6003488ED /* UIKit.framework in Frameworks */ = {isa = PBXBuildFile; fileRef = A71C08E0181ED1B6003488ED /* UIKit.framework */; };
		A71C08E7181ED1B6003488ED /* InfoPlist.strings in Resources */ = {isa = PBXBuildFile; fileRef = A71C08E5181ED1B6003488ED /* InfoPlist.strings */; };
		A71C08E9181ED1B6003488ED /* main.m in Sources */ = {isa = PBXBuildFile; fileRef = A71C08E8181ED1B6003488ED /* main.m */; };
		A71C08ED181ED1B6003488ED /* WAAppDelegate.m in Sources */ = {isa = PBXBuildFile; fileRef = A71C08EC181ED1B6003488ED /* WAAppDelegate.m */; };
		A71C08EF181ED1B7003488ED /* Images.xcassets in Resources */ = {isa = PBXBuildFile; fileRef = A71C08EE181ED1B7003488ED /* Images.xcassets */; };
		A71C08F6181ED1B7003488ED /* XCTest.framework in Frameworks */ = {isa = PBXBuildFile; fileRef = A71C08F5181ED1B7003488ED /* XCTest.framework */; };
		A71C08F7181ED1B7003488ED /* Foundation.framework in Frameworks */ = {isa = PBXBuildFile; fileRef = A71C08DC181ED1B6003488ED /* Foundation.framework */; };
		A71C08F8181ED1B7003488ED /* UIKit.framework in Frameworks */ = {isa = PBXBuildFile; fileRef = A71C08E0181ED1B6003488ED /* UIKit.framework */; };
		A71C0900181ED1B7003488ED /* InfoPlist.strings in Resources */ = {isa = PBXBuildFile; fileRef = A71C08FE181ED1B7003488ED /* InfoPlist.strings */; };
		A71C0902181ED1B7003488ED /* WeatherAppTests.m in Sources */ = {isa = PBXBuildFile; fileRef = A71C0901181ED1B7003488ED /* WeatherAppTests.m */; };
		BC1367FB182162920090CAC5 /* UserDefaults.txt in Resources */ = {isa = PBXBuildFile; fileRef = BC1367FA182162920090CAC5 /* UserDefaults.txt */; };
		BC136802182167D20090CAC5 /* WANavigationController.m in Sources */ = {isa = PBXBuildFile; fileRef = BC136801182167D20090CAC5 /* WANavigationController.m */; };
		BC64C8C61822CDEC00C59F00 /* WATableViewController.m in Sources */ = {isa = PBXBuildFile; fileRef = BC64C8C41822CDEC00C59F00 /* WATableViewController.m */; };
		BC8C143B18216A1E003BA98D /* Localizable.strings in Resources */ = {isa = PBXBuildFile; fileRef = BC8C143D18216A1E003BA98D /* Localizable.strings */; };
		BCA93CD1181EEB2B00516E7E /* WAWeatherVC.m in Sources */ = {isa = PBXBuildFile; fileRef = BCA93CCF181EEB2B00516E7E /* WAWeatherVC.m */; };
		BCA93CD2181EEB2B00516E7E /* WAWeatherVC.xib in Resources */ = {isa = PBXBuildFile; fileRef = BCA93CD0181EEB2B00516E7E /* WAWeatherVC.xib */; };
		BCA93CD5181EEC6D00516E7E /* CoreLocation.framework in Frameworks */ = {isa = PBXBuildFile; fileRef = BCA93CD4181EEC6D00516E7E /* CoreLocation.framework */; };
		BCA93CD8181F030C00516E7E /* WAPageVC.m in Sources */ = {isa = PBXBuildFile; fileRef = BCA93CD7181F030C00516E7E /* WAPageVC.m */; };
		BCA93CDC181F048400516E7E /* WALocationManager.m in Sources */ = {isa = PBXBuildFile; fileRef = BCA93CDB181F048400516E7E /* WALocationManager.m */; };
		BCA93CE0181F0A9100516E7E /* WALocation.m in Sources */ = {isa = PBXBuildFile; fileRef = BCA93CDF181F0A9100516E7E /* WALocation.m */; };
/* End PBXBuildFile section */

/* Begin PBXContainerItemProxy section */
		A71C08F9181ED1B7003488ED /* PBXContainerItemProxy */ = {
			isa = PBXContainerItemProxy;
			containerPortal = A71C08D1181ED1B6003488ED /* Project object */;
			proxyType = 1;
			remoteGlobalIDString = A71C08D8181ED1B6003488ED;
			remoteInfo = WeatherApp;
		};
/* End PBXContainerItemProxy section */

/* Begin PBXFileReference section */
		A70EE9BE1823622B00F317A9 /* WANewLocationVC.h */ = {isa = PBXFileReference; fileEncoding = 4; lastKnownFileType = sourcecode.c.h; path = WANewLocationVC.h; sourceTree = "<group>"; };
		A70EE9BF1823622B00F317A9 /* WANewLocationVC.m */ = {isa = PBXFileReference; fileEncoding = 4; lastKnownFileType = sourcecode.c.objc; path = WANewLocationVC.m; sourceTree = "<group>"; };
		A71C08D9181ED1B6003488ED /* WeatherApp.app */ = {isa = PBXFileReference; explicitFileType = wrapper.application; includeInIndex = 0; path = WeatherApp.app; sourceTree = BUILT_PRODUCTS_DIR; };
		A71C08DC181ED1B6003488ED /* Foundation.framework */ = {isa = PBXFileReference; lastKnownFileType = wrapper.framework; name = Foundation.framework; path = System/Library/Frameworks/Foundation.framework; sourceTree = SDKROOT; };
		A71C08DE181ED1B6003488ED /* CoreGraphics.framework */ = {isa = PBXFileReference; lastKnownFileType = wrapper.framework; name = CoreGraphics.framework; path = System/Library/Frameworks/CoreGraphics.framework; sourceTree = SDKROOT; };
		A71C08E0181ED1B6003488ED /* UIKit.framework */ = {isa = PBXFileReference; lastKnownFileType = wrapper.framework; name = UIKit.framework; path = System/Library/Frameworks/UIKit.framework; sourceTree = SDKROOT; };
		A71C08E4181ED1B6003488ED /* WeatherApp-Info.plist */ = {isa = PBXFileReference; lastKnownFileType = text.plist.xml; path = "WeatherApp-Info.plist"; sourceTree = "<group>"; };
		A71C08E6181ED1B6003488ED /* en */ = {isa = PBXFileReference; lastKnownFileType = text.plist.strings; name = en; path = en.lproj/InfoPlist.strings; sourceTree = "<group>"; };
		A71C08E8181ED1B6003488ED /* main.m */ = {isa = PBXFileReference; lastKnownFileType = sourcecode.c.objc; path = main.m; sourceTree = "<group>"; };
		A71C08EA181ED1B6003488ED /* WeatherApp-Prefix.pch */ = {isa = PBXFileReference; lastKnownFileType = sourcecode.c.h; path = "WeatherApp-Prefix.pch"; sourceTree = "<group>"; };
		A71C08EB181ED1B6003488ED /* WAAppDelegate.h */ = {isa = PBXFileReference; lastKnownFileType = sourcecode.c.h; path = WAAppDelegate.h; sourceTree = "<group>"; };
		A71C08EC181ED1B6003488ED /* WAAppDelegate.m */ = {isa = PBXFileReference; lastKnownFileType = sourcecode.c.objc; path = WAAppDelegate.m; sourceTree = "<group>"; };
		A71C08EE181ED1B7003488ED /* Images.xcassets */ = {isa = PBXFileReference; lastKnownFileType = folder.assetcatalog; path = Images.xcassets; sourceTree = "<group>"; };
		A71C08F4181ED1B7003488ED /* WeatherAppTests.xctest */ = {isa = PBXFileReference; explicitFileType = wrapper.cfbundle; includeInIndex = 0; path = WeatherAppTests.xctest; sourceTree = BUILT_PRODUCTS_DIR; };
		A71C08F5181ED1B7003488ED /* XCTest.framework */ = {isa = PBXFileReference; lastKnownFileType = wrapper.framework; name = XCTest.framework; path = Library/Frameworks/XCTest.framework; sourceTree = DEVELOPER_DIR; };
		A71C08FD181ED1B7003488ED /* WeatherAppTests-Info.plist */ = {isa = PBXFileReference; lastKnownFileType = text.plist.xml; path = "WeatherAppTests-Info.plist"; sourceTree = "<group>"; };
		A71C08FF181ED1B7003488ED /* en */ = {isa = PBXFileReference; lastKnownFileType = text.plist.strings; name = en; path = en.lproj/InfoPlist.strings; sourceTree = "<group>"; };
		A71C0901181ED1B7003488ED /* WeatherAppTests.m */ = {isa = PBXFileReference; lastKnownFileType = sourcecode.c.objc; path = WeatherAppTests.m; sourceTree = "<group>"; };
		BC1367FA182162920090CAC5 /* UserDefaults.txt */ = {isa = PBXFileReference; fileEncoding = 4; lastKnownFileType = text; path = UserDefaults.txt; sourceTree = "<group>"; };
		BC136800182167D20090CAC5 /* WANavigationController.h */ = {isa = PBXFileReference; fileEncoding = 4; lastKnownFileType = sourcecode.c.h; path = WANavigationController.h; sourceTree = "<group>"; };
		BC136801182167D20090CAC5 /* WANavigationController.m */ = {isa = PBXFileReference; fileEncoding = 4; lastKnownFileType = sourcecode.c.objc; path = WANavigationController.m; sourceTree = "<group>"; };
		BC64C8C31822CDEC00C59F00 /* WATableViewController.h */ = {isa = PBXFileReference; fileEncoding = 4; lastKnownFileType = sourcecode.c.h; path = WATableViewController.h; sourceTree = "<group>"; };
		BC64C8C41822CDEC00C59F00 /* WATableViewController.m */ = {isa = PBXFileReference; fileEncoding = 4; lastKnownFileType = sourcecode.c.objc; path = WATableViewController.m; sourceTree = "<group>"; };
		BC8C143C18216A1E003BA98D /* en */ = {isa = PBXFileReference; lastKnownFileType = text.plist.strings; name = en; path = en.lproj/Localizable.strings; sourceTree = "<group>"; };
		BCA93CCE181EEB2B00516E7E /* WAWeatherVC.h */ = {isa = PBXFileReference; fileEncoding = 4; lastKnownFileType = sourcecode.c.h; path = WAWeatherVC.h; sourceTree = "<group>"; };
		BCA93CCF181EEB2B00516E7E /* WAWeatherVC.m */ = {isa = PBXFileReference; fileEncoding = 4; lastKnownFileType = sourcecode.c.objc; path = WAWeatherVC.m; sourceTree = "<group>"; };
		BCA93CD0181EEB2B00516E7E /* WAWeatherVC.xib */ = {isa = PBXFileReference; fileEncoding = 4; lastKnownFileType = file.xib; path = WAWeatherVC.xib; sourceTree = "<group>"; };
		BCA93CD4181EEC6D00516E7E /* CoreLocation.framework */ = {isa = PBXFileReference; lastKnownFileType = wrapper.framework; name = CoreLocation.framework; path = System/Library/Frameworks/CoreLocation.framework; sourceTree = SDKROOT; };
		BCA93CD6181F030C00516E7E /* WAPageVC.h */ = {isa = PBXFileReference; fileEncoding = 4; lastKnownFileType = sourcecode.c.h; path = WAPageVC.h; sourceTree = "<group>"; };
		BCA93CD7181F030C00516E7E /* WAPageVC.m */ = {isa = PBXFileReference; fileEncoding = 4; lastKnownFileType = sourcecode.c.objc; path = WAPageVC.m; sourceTree = "<group>"; };
		BCA93CDA181F048400516E7E /* WALocationManager.h */ = {isa = PBXFileReference; fileEncoding = 4; lastKnownFileType = sourcecode.c.h; path = WALocationManager.h; sourceTree = "<group>"; };
		BCA93CDB181F048400516E7E /* WALocationManager.m */ = {isa = PBXFileReference; fileEncoding = 4; lastKnownFileType = sourcecode.c.objc; path = WALocationManager.m; sourceTree = "<group>"; };
		BCA93CDE181F0A9100516E7E /* WALocation.h */ = {isa = PBXFileReference; fileEncoding = 4; lastKnownFileType = sourcecode.c.h; path = WALocation.h; sourceTree = "<group>"; };
		BCA93CDF181F0A9100516E7E /* WALocation.m */ = {isa = PBXFileReference; fileEncoding = 4; lastKnownFileType = sourcecode.c.objc; path = WALocation.m; sourceTree = "<group>"; };
/* End PBXFileReference section */

/* Begin PBXFrameworksBuildPhase section */
		A71C08D6181ED1B6003488ED /* Frameworks */ = {
			isa = PBXFrameworksBuildPhase;
			buildActionMask = 2147483647;
			files = (
				BCA93CD5181EEC6D00516E7E /* CoreLocation.framework in Frameworks */,
				A71C08DF181ED1B6003488ED /* CoreGraphics.framework in Frameworks */,
				A71C08E1181ED1B6003488ED /* UIKit.framework in Frameworks */,
				A71C08DD181ED1B6003488ED /* Foundation.framework in Frameworks */,
			);
			runOnlyForDeploymentPostprocessing = 0;
		};
		A71C08F1181ED1B7003488ED /* Frameworks */ = {
			isa = PBXFrameworksBuildPhase;
			buildActionMask = 2147483647;
			files = (
				A71C08F6181ED1B7003488ED /* XCTest.framework in Frameworks */,
				A71C08F8181ED1B7003488ED /* UIKit.framework in Frameworks */,
				A71C08F7181ED1B7003488ED /* Foundation.framework in Frameworks */,
			);
			runOnlyForDeploymentPostprocessing = 0;
		};
/* End PBXFrameworksBuildPhase section */

/* Begin PBXGroup section */
		A70EE9C11823623100F317A9 /* New location table view controller */ = {
			isa = PBXGroup;
			children = (
				A70EE9BE1823622B00F317A9 /* WANewLocationVC.h */,
				A70EE9BF1823622B00F317A9 /* WANewLocationVC.m */,
			);
			name = "New location table view controller";
			sourceTree = "<group>";
		};
		A71C08D0181ED1B6003488ED = {
			isa = PBXGroup;
			children = (
				A71C08E2181ED1B6003488ED /* WeatherApp */,
				A71C08FB181ED1B7003488ED /* WeatherAppTests */,
				A71C08DB181ED1B6003488ED /* Frameworks */,
				A71C08DA181ED1B6003488ED /* Products */,
			);
			sourceTree = "<group>";
		};
		A71C08DA181ED1B6003488ED /* Products */ = {
			isa = PBXGroup;
			children = (
				A71C08D9181ED1B6003488ED /* WeatherApp.app */,
				A71C08F4181ED1B7003488ED /* WeatherAppTests.xctest */,
			);
			name = Products;
			sourceTree = "<group>";
		};
		A71C08DB181ED1B6003488ED /* Frameworks */ = {
			isa = PBXGroup;
			children = (
				BCA93CD4181EEC6D00516E7E /* CoreLocation.framework */,
				A71C08DC181ED1B6003488ED /* Foundation.framework */,
				A71C08DE181ED1B6003488ED /* CoreGraphics.framework */,
				A71C08E0181ED1B6003488ED /* UIKit.framework */,
				A71C08F5181ED1B7003488ED /* XCTest.framework */,
			);
			name = Frameworks;
			sourceTree = "<group>";
		};
		A71C08E2181ED1B6003488ED /* WeatherApp */ = {
			isa = PBXGroup;
			children = (
				BC8C143D18216A1E003BA98D /* Localizable.strings */,
				BC1367FA182162920090CAC5 /* UserDefaults.txt */,
				BC1367F9182091CC0090CAC5 /* Application delegate */,
				BCA93CDD181F048D00516E7E /* Location manager */,
				BCA93CE1181F0A9500516E7E /* Location */,
				BCA93CD9181F031100516E7E /* Page view controller */,
				BC136803182167D90090CAC5 /* Navigation controller */,
				BC64C8C81822CF2800C59F00 /* Table view controller */,
				A70EE9C11823623100F317A9 /* New location table view controller */,
				BCA93CD3181EEB2F00516E7E /* Location view controller */,
				A71C08EE181ED1B7003488ED /* Images.xcassets */,
				A71C08E3181ED1B6003488ED /* Supporting Files */,
			);
			path = WeatherApp;
			sourceTree = "<group>";
		};
		A71C08E3181ED1B6003488ED /* Supporting Files */ = {
			isa = PBXGroup;
			children = (
				A71C08E4181ED1B6003488ED /* WeatherApp-Info.plist */,
				A71C08E5181ED1B6003488ED /* InfoPlist.strings */,
				A71C08E8181ED1B6003488ED /* main.m */,
				A71C08EA181ED1B6003488ED /* WeatherApp-Prefix.pch */,
			);
			name = "Supporting Files";
			sourceTree = "<group>";
		};
		A71C08FB181ED1B7003488ED /* WeatherAppTests */ = {
			isa = PBXGroup;
			children = (
				A71C0901181ED1B7003488ED /* WeatherAppTests.m */,
				A71C08FC181ED1B7003488ED /* Supporting Files */,
			);
			path = WeatherAppTests;
			sourceTree = "<group>";
		};
		A71C08FC181ED1B7003488ED /* Supporting Files */ = {
			isa = PBXGroup;
			children = (
				A71C08FD181ED1B7003488ED /* WeatherAppTests-Info.plist */,
				A71C08FE181ED1B7003488ED /* InfoPlist.strings */,
			);
			name = "Supporting Files";
			sourceTree = "<group>";
		};
		BC1367F9182091CC0090CAC5 /* Application delegate */ = {
			isa = PBXGroup;
			children = (
				A71C08EB181ED1B6003488ED /* WAAppDelegate.h */,
				A71C08EC181ED1B6003488ED /* WAAppDelegate.m */,
			);
			name = "Application delegate";
			sourceTree = "<group>";
		};
		BC136803182167D90090CAC5 /* Navigation controller */ = {
			isa = PBXGroup;
			children = (
				BC136800182167D20090CAC5 /* WANavigationController.h */,
				BC136801182167D20090CAC5 /* WANavigationController.m */,
			);
			name = "Navigation controller";
			path = ..;
			sourceTree = "<group>";
		};
		BC64C8C81822CF2800C59F00 /* Table view controller */ = {
			isa = PBXGroup;
			children = (
				BC64C8C31822CDEC00C59F00 /* WATableViewController.h */,
				BC64C8C41822CDEC00C59F00 /* WATableViewController.m */,
			);
			name = "Table view controller";
			path = ..;
			sourceTree = "<group>";
		};
		BCA93CD3181EEB2F00516E7E /* Location view controller */ = {
			isa = PBXGroup;
			children = (
				BCA93CCE181EEB2B00516E7E /* WAWeatherVC.h */,
				BCA93CCF181EEB2B00516E7E /* WAWeatherVC.m */,
				BCA93CD0181EEB2B00516E7E /* WAWeatherVC.xib */,
			);
			name = "Location view controller";
			sourceTree = "<group>";
		};
		BCA93CD9181F031100516E7E /* Page view controller */ = {
			isa = PBXGroup;
			children = (
				BCA93CD6181F030C00516E7E /* WAPageVC.h */,
				BCA93CD7181F030C00516E7E /* WAPageVC.m */,
			);
			name = "Page view controller";
			sourceTree = "<group>";
		};
		BCA93CDD181F048D00516E7E /* Location manager */ = {
			isa = PBXGroup;
			children = (
				BCA93CDA181F048400516E7E /* WALocationManager.h */,
				BCA93CDB181F048400516E7E /* WALocationManager.m */,
			);
			name = "Location manager";
			sourceTree = "<group>";
		};
		BCA93CE1181F0A9500516E7E /* Location */ = {
			isa = PBXGroup;
			children = (
				BCA93CDE181F0A9100516E7E /* WALocation.h */,
				BCA93CDF181F0A9100516E7E /* WALocation.m */,
			);
			name = Location;
			sourceTree = "<group>";
		};
/* End PBXGroup section */

/* Begin PBXNativeTarget section */
		A71C08D8181ED1B6003488ED /* WeatherApp */ = {
			isa = PBXNativeTarget;
			buildConfigurationList = A71C0905181ED1B7003488ED /* Build configuration list for PBXNativeTarget "WeatherApp" */;
			buildPhases = (
				A71C08D5181ED1B6003488ED /* Sources */,
				A71C08D6181ED1B6003488ED /* Frameworks */,
				A71C08D7181ED1B6003488ED /* Resources */,
			);
			buildRules = (
			);
			dependencies = (
			);
			name = WeatherApp;
			productName = WeatherApp;
			productReference = A71C08D9181ED1B6003488ED /* WeatherApp.app */;
			productType = "com.apple.product-type.application";
		};
		A71C08F3181ED1B7003488ED /* WeatherAppTests */ = {
			isa = PBXNativeTarget;
			buildConfigurationList = A71C0908181ED1B7003488ED /* Build configuration list for PBXNativeTarget "WeatherAppTests" */;
			buildPhases = (
				A71C08F0181ED1B7003488ED /* Sources */,
				A71C08F1181ED1B7003488ED /* Frameworks */,
				A71C08F2181ED1B7003488ED /* Resources */,
			);
			buildRules = (
			);
			dependencies = (
				A71C08FA181ED1B7003488ED /* PBXTargetDependency */,
			);
			name = WeatherAppTests;
			productName = WeatherAppTests;
			productReference = A71C08F4181ED1B7003488ED /* WeatherAppTests.xctest */;
			productType = "com.apple.product-type.bundle.unit-test";
		};
/* End PBXNativeTarget section */

/* Begin PBXProject section */
		A71C08D1181ED1B6003488ED /* Project object */ = {
			isa = PBXProject;
			attributes = {
				CLASSPREFIX = WA;
				LastUpgradeCheck = 0500;
				ORGANIZATIONNAME = "Really Good";
				TargetAttributes = {
					A71C08D8181ED1B6003488ED = {
						DevelopmentTeam = 3382TH9DVM;
					};
					A71C08F3181ED1B7003488ED = {
						TestTargetID = A71C08D8181ED1B6003488ED;
					};
				};
			};
			buildConfigurationList = A71C08D4181ED1B6003488ED /* Build configuration list for PBXProject "WeatherApp" */;
			compatibilityVersion = "Xcode 3.2";
			developmentRegion = English;
			hasScannedForEncodings = 0;
			knownRegions = (
				en,
			);
			mainGroup = A71C08D0181ED1B6003488ED;
			productRefGroup = A71C08DA181ED1B6003488ED /* Products */;
			projectDirPath = "";
			projectRoot = "";
			targets = (
				A71C08D8181ED1B6003488ED /* WeatherApp */,
				A71C08F3181ED1B7003488ED /* WeatherAppTests */,
			);
		};
/* End PBXProject section */

/* Begin PBXResourcesBuildPhase section */
		A71C08D7181ED1B6003488ED /* Resources */ = {
			isa = PBXResourcesBuildPhase;
			buildActionMask = 2147483647;
			files = (
				BC8C143B18216A1E003BA98D /* Localizable.strings in Resources */,
				BCA93CD2181EEB2B00516E7E /* WAWeatherVC.xib in Resources */,
				A71C08E7181ED1B6003488ED /* InfoPlist.strings in Resources */,
				A71C08EF181ED1B7003488ED /* Images.xcassets in Resources */,
				BC1367FB182162920090CAC5 /* UserDefaults.txt in Resources */,
			);
			runOnlyForDeploymentPostprocessing = 0;
		};
		A71C08F2181ED1B7003488ED /* Resources */ = {
			isa = PBXResourcesBuildPhase;
			buildActionMask = 2147483647;
			files = (
				A71C0900181ED1B7003488ED /* InfoPlist.strings in Resources */,
			);
			runOnlyForDeploymentPostprocessing = 0;
		};
/* End PBXResourcesBuildPhase section */

/* Begin PBXSourcesBuildPhase section */
		A71C08D5181ED1B6003488ED /* Sources */ = {
			isa = PBXSourcesBuildPhase;
			buildActionMask = 2147483647;
			files = (
				BC136802182167D20090CAC5 /* WANavigationController.m in Sources */,
				BC64C8C61822CDEC00C59F00 /* WATableViewController.m in Sources */,
				BCA93CDC181F048400516E7E /* WALocationManager.m in Sources */,
				BCA93CD8181F030C00516E7E /* WAPageVC.m in Sources */,
				BCA93CE0181F0A9100516E7E /* WALocation.m in Sources */,
				BCA93CD1181EEB2B00516E7E /* WAWeatherVC.m in Sources */,
				A71C08ED181ED1B6003488ED /* WAAppDelegate.m in Sources */,
				A71C08E9181ED1B6003488ED /* main.m in Sources */,
				A70EE9C01823622B00F317A9 /* WANewLocationVC.m in Sources */,
			);
			runOnlyForDeploymentPostprocessing = 0;
		};
		A71C08F0181ED1B7003488ED /* Sources */ = {
			isa = PBXSourcesBuildPhase;
			buildActionMask = 2147483647;
			files = (
				A70EE9C2182442E300F317A9 /* WANewLocationVC.m in Sources */,
				A71C0902181ED1B7003488ED /* WeatherAppTests.m in Sources */,
			);
			runOnlyForDeploymentPostprocessing = 0;
		};
/* End PBXSourcesBuildPhase section */

/* Begin PBXTargetDependency section */
		A71C08FA181ED1B7003488ED /* PBXTargetDependency */ = {
			isa = PBXTargetDependency;
			target = A71C08D8181ED1B6003488ED /* WeatherApp */;
			targetProxy = A71C08F9181ED1B7003488ED /* PBXContainerItemProxy */;
		};
/* End PBXTargetDependency section */

/* Begin PBXVariantGroup section */
		A71C08E5181ED1B6003488ED /* InfoPlist.strings */ = {
			isa = PBXVariantGroup;
			children = (
				A71C08E6181ED1B6003488ED /* en */,
			);
			name = InfoPlist.strings;
			sourceTree = "<group>";
		};
		A71C08FE181ED1B7003488ED /* InfoPlist.strings */ = {
			isa = PBXVariantGroup;
			children = (
				A71C08FF181ED1B7003488ED /* en */,
			);
			name = InfoPlist.strings;
			sourceTree = "<group>";
		};
		BC8C143D18216A1E003BA98D /* Localizable.strings */ = {
			isa = PBXVariantGroup;
			children = (
				BC8C143C18216A1E003BA98D /* en */,
			);
			name = Localizable.strings;
			sourceTree = "<group>";
		};
/* End PBXVariantGroup section */

/* Begin XCBuildConfiguration section */
		A71C0903181ED1B7003488ED /* Debug */ = {
			isa = XCBuildConfiguration;
			buildSettings = {
				ALWAYS_SEARCH_USER_PATHS = NO;
				ARCHS = "$(ARCHS_STANDARD_INCLUDING_64_BIT)";
				CLANG_CXX_LANGUAGE_STANDARD = "gnu++0x";
				CLANG_CXX_LIBRARY = "libc++";
				CLANG_ENABLE_MODULES = YES;
				CLANG_ENABLE_OBJC_ARC = YES;
				CLANG_WARN_BOOL_CONVERSION = YES;
				CLANG_WARN_CONSTANT_CONVERSION = YES;
				CLANG_WARN_DIRECT_OBJC_ISA_USAGE = YES_ERROR;
				CLANG_WARN_EMPTY_BODY = YES;
				CLANG_WARN_ENUM_CONVERSION = YES;
				CLANG_WARN_INT_CONVERSION = YES;
				CLANG_WARN_OBJC_ROOT_CLASS = YES_ERROR;
				CLANG_WARN__DUPLICATE_METHOD_MATCH = YES;
				"CODE_SIGN_IDENTITY[sdk=iphoneos*]" = "iPhone Developer";
				COPY_PHASE_STRIP = NO;
				GCC_C_LANGUAGE_STANDARD = gnu99;
				GCC_DYNAMIC_NO_PIC = NO;
				GCC_OPTIMIZATION_LEVEL = 0;
				GCC_PREPROCESSOR_DEFINITIONS = (
					"DEBUG=1",
					"$(inherited)",
				);
				GCC_SYMBOLS_PRIVATE_EXTERN = NO;
				GCC_WARN_64_TO_32_BIT_CONVERSION = YES;
				GCC_WARN_ABOUT_RETURN_TYPE = YES_ERROR;
				GCC_WARN_UNDECLARED_SELECTOR = YES;
				GCC_WARN_UNINITIALIZED_AUTOS = YES;
				GCC_WARN_UNUSED_FUNCTION = YES;
				GCC_WARN_UNUSED_VARIABLE = YES;
				IPHONEOS_DEPLOYMENT_TARGET = 7.0;
				ONLY_ACTIVE_ARCH = YES;
				SDKROOT = iphoneos;
				TARGETED_DEVICE_FAMILY = "1,2";
			};
			name = Debug;
		};
		A71C0904181ED1B7003488ED /* Release */ = {
			isa = XCBuildConfiguration;
			buildSettings = {
				ALWAYS_SEARCH_USER_PATHS = NO;
				ARCHS = "$(ARCHS_STANDARD_INCLUDING_64_BIT)";
				CLANG_CXX_LANGUAGE_STANDARD = "gnu++0x";
				CLANG_CXX_LIBRARY = "libc++";
				CLANG_ENABLE_MODULES = YES;
				CLANG_ENABLE_OBJC_ARC = YES;
				CLANG_WARN_BOOL_CONVERSION = YES;
				CLANG_WARN_CONSTANT_CONVERSION = YES;
				CLANG_WARN_DIRECT_OBJC_ISA_USAGE = YES_ERROR;
				CLANG_WARN_EMPTY_BODY = YES;
				CLANG_WARN_ENUM_CONVERSION = YES;
				CLANG_WARN_INT_CONVERSION = YES;
				CLANG_WARN_OBJC_ROOT_CLASS = YES_ERROR;
				CLANG_WARN__DUPLICATE_METHOD_MATCH = YES;
				"CODE_SIGN_IDENTITY[sdk=iphoneos*]" = "iPhone Developer";
				COPY_PHASE_STRIP = YES;
				ENABLE_NS_ASSERTIONS = NO;
				GCC_C_LANGUAGE_STANDARD = gnu99;
				GCC_WARN_64_TO_32_BIT_CONVERSION = YES;
				GCC_WARN_ABOUT_RETURN_TYPE = YES_ERROR;
				GCC_WARN_UNDECLARED_SELECTOR = YES;
				GCC_WARN_UNINITIALIZED_AUTOS = YES;
				GCC_WARN_UNUSED_FUNCTION = YES;
				GCC_WARN_UNUSED_VARIABLE = YES;
				IPHONEOS_DEPLOYMENT_TARGET = 7.0;
				SDKROOT = iphoneos;
				TARGETED_DEVICE_FAMILY = "1,2";
				VALIDATE_PRODUCT = YES;
			};
			name = Release;
		};
		A71C0906181ED1B7003488ED /* Debug */ = {
			isa = XCBuildConfiguration;
			buildSettings = {
				ASSETCATALOG_COMPILER_APPICON_NAME = AppIcon;
				ASSETCATALOG_COMPILER_LAUNCHIMAGE_NAME = LaunchImage;
				CODE_SIGN_IDENTITY = "iPhone Developer";
				"CODE_SIGN_IDENTITY[sdk=iphoneos*]" = "iPhone Developer";
				GCC_PRECOMPILE_PREFIX_HEADER = YES;
				GCC_PREFIX_HEADER = "WeatherApp/WeatherApp-Prefix.pch";
				INFOPLIST_FILE = "WeatherApp/WeatherApp-Info.plist";
				PRODUCT_NAME = "$(TARGET_NAME)";
				PROVISIONING_PROFILE = "";
				WRAPPER_EXTENSION = app;
			};
			name = Debug;
		};
		A71C0907181ED1B7003488ED /* Release */ = {
			isa = XCBuildConfiguration;
			buildSettings = {
				ASSETCATALOG_COMPILER_APPICON_NAME = AppIcon;
				ASSETCATALOG_COMPILER_LAUNCHIMAGE_NAME = LaunchImage;
				CODE_SIGN_IDENTITY = "iPhone Developer";
				"CODE_SIGN_IDENTITY[sdk=iphoneos*]" = "iPhone Developer";
				GCC_PRECOMPILE_PREFIX_HEADER = YES;
				GCC_PREFIX_HEADER = "WeatherApp/WeatherApp-Prefix.pch";
				INFOPLIST_FILE = "WeatherApp/WeatherApp-Info.plist";
				PRODUCT_NAME = "$(TARGET_NAME)";
				PROVISIONING_PROFILE = "";
				WRAPPER_EXTENSION = app;
			};
			name = Release;
		};
		A71C0909181ED1B7003488ED /* Debug */ = {
			isa = XCBuildConfiguration;
			buildSettings = {
				ARCHS = "$(ARCHS_STANDARD_INCLUDING_64_BIT)";
				BUNDLE_LOADER = "$(BUILT_PRODUCTS_DIR)/WeatherApp.app/WeatherApp";
				FRAMEWORK_SEARCH_PATHS = (
					"$(SDKROOT)/Developer/Library/Frameworks",
					"$(inherited)",
					"$(DEVELOPER_FRAMEWORKS_DIR)",
				);
				GCC_PRECOMPILE_PREFIX_HEADER = YES;
				GCC_PREFIX_HEADER = "WeatherApp/WeatherApp-Prefix.pch";
				GCC_PREPROCESSOR_DEFINITIONS = (
					"DEBUG=1",
					"$(inherited)",
				);
				INFOPLIST_FILE = "WeatherAppTests/WeatherAppTests-Info.plist";
				PRODUCT_NAME = "$(TARGET_NAME)";
				TEST_HOST = "$(BUNDLE_LOADER)";
				WRAPPER_EXTENSION = xctest;
			};
			name = Debug;
		};
		A71C090A181ED1B7003488ED /* Release */ = {
			isa = XCBuildConfiguration;
			buildSettings = {
				ARCHS = "$(ARCHS_STANDARD_INCLUDING_64_BIT)";
				BUNDLE_LOADER = "$(BUILT_PRODUCTS_DIR)/WeatherApp.app/WeatherApp";
				FRAMEWORK_SEARCH_PATHS = (
					"$(SDKROOT)/Developer/Library/Frameworks",
					"$(inherited)",
					"$(DEVELOPER_FRAMEWORKS_DIR)",
				);
				GCC_PRECOMPILE_PREFIX_HEADER = YES;
				GCC_PREFIX_HEADER = "WeatherApp/WeatherApp-Prefix.pch";
				INFOPLIST_FILE = "WeatherAppTests/WeatherAppTests-Info.plist";
				PRODUCT_NAME = "$(TARGET_NAME)";
				TEST_HOST = "$(BUNDLE_LOADER)";
				WRAPPER_EXTENSION = xctest;
			};
			name = Release;
		};
/* End XCBuildConfiguration section */

/* Begin XCConfigurationList section */
		A71C08D4181ED1B6003488ED /* Build configuration list for PBXProject "WeatherApp" */ = {
			isa = XCConfigurationList;
			buildConfigurations = (
				A71C0903181ED1B7003488ED /* Debug */,
				A71C0904181ED1B7003488ED /* Release */,
			);
			defaultConfigurationIsVisible = 0;
			defaultConfigurationName = Release;
		};
		A71C0905181ED1B7003488ED /* Build configuration list for PBXNativeTarget "WeatherApp" */ = {
			isa = XCConfigurationList;
			buildConfigurations = (
				A71C0906181ED1B7003488ED /* Debug */,
				A71C0907181ED1B7003488ED /* Release */,
			);
			defaultConfigurationIsVisible = 0;
			defaultConfigurationName = Release;
		};
		A71C0908181ED1B7003488ED /* Build configuration list for PBXNativeTarget "WeatherAppTests" */ = {
			isa = XCConfigurationList;
			buildConfigurations = (
				A71C0909181ED1B7003488ED /* Debug */,
				A71C090A181ED1B7003488ED /* Release */,
			);
			defaultConfigurationIsVisible = 0;
			defaultConfigurationName = Release;
		};
/* End XCConfigurationList section */
	};
	rootObject = A71C08D1181ED1B6003488ED /* Project object */;
}
